
Microsoft Visual Studio Solution File, Format Version 12.00
# Visual Studio Version 17
VisualStudioVersion = 17.1.32228.430
MinimumVisualStudioVersion = 10.0.40219.1
Project("{FAE04EC0-301F-11D3-BF4B-00C04F79EFBC}") = "Composition", "Composition\Composition.csproj", "{33B292C3-97FE-46E7-9AC3-CD5A7B314DD1}"
EndProject
Global
	GlobalSection(SolutionConfigurationPlatforms) = preSolution
		Debug|Any CPU = Debug|Any CPU
		Release|Any CPU = Release|Any CPU
	EndGlobalSection
	GlobalSection(ProjectConfigurationPlatforms) = postSolution
		{33B292C3-97FE-46E7-9AC3-CD5A7B314DD1}.Debug|Any CPU.ActiveCfg = Debug|Any CPU
		{33B292C3-97FE-46E7-9AC3-CD5A7B314DD1}.Debug|Any CPU.Build.0 = Debug|Any CPU
		{33B292C3-97FE-46E7-9AC3-CD5A7B314DD1}.Release|Any CPU.ActiveCfg = Release|Any CPU
		{33B292C3-97FE-46E7-9AC3-CD5A7B314DD1}.Release|Any CPU.Build.0 = Release|Any CPU
	EndGlobalSection
	GlobalSection(SolutionProperties) = preSolution
		HideSolutionNode = FALSE
	EndGlobalSection
	GlobalSection(ExtensibilityGlobals) = postSolution
		SolutionGuid = {82A6B362-10D8-429F-BE58-E28B7900DF36}
	EndGlobalSection
EndGlobal
