
Microsoft Visual Studio Solution File, Format Version 12.00
# Visual Studio Version 17
VisualStudioVersion = 17.1.32228.430
MinimumVisualStudioVersion = 10.0.40219.1
Project("{FAE04EC0-301F-11D3-BF4B-00C04F79EFBC}") = "VetorStruct", "VetorStruct\VetorStruct.csproj", "{4EABD5B6-A1D1-4C97-9554-834A3C844D6B}"
EndProject
Global
	GlobalSection(SolutionConfigurationPlatforms) = preSolution
		Debug|Any CPU = Debug|Any CPU
		Release|Any CPU = Release|Any CPU
	EndGlobalSection
	GlobalSection(ProjectConfigurationPlatforms) = postSolution
		{4EABD5B6-A1D1-4C97-9554-834A3C844D6B}.Debug|Any CPU.ActiveCfg = Debug|Any CPU
		{4EABD5B6-A1D1-4C97-9554-834A3C844D6B}.Debug|Any CPU.Build.0 = Debug|Any CPU
		{4EABD5B6-A1D1-4C97-9554-834A3C844D6B}.Release|Any CPU.ActiveCfg = Release|Any CPU
		{4EABD5B6-A1D1-4C97-9554-834A3C844D6B}.Release|Any CPU.Build.0 = Release|Any CPU
	EndGlobalSection
	GlobalSection(SolutionProperties) = preSolution
		HideSolutionNode = FALSE
	EndGlobalSection
	GlobalSection(ExtensibilityGlobals) = postSolution
		SolutionGuid = {9197E49F-7DD7-4B38-AC36-00890009DFC8}
	EndGlobalSection
EndGlobal
