
Microsoft Visual Studio Solution File, Format Version 12.00
# Visual Studio Version 17
VisualStudioVersion = 17.1.32228.430
MinimumVisualStudioVersion = 10.0.40219.1
Project("{FAE04EC0-301F-11D3-BF4B-00C04F79EFBC}") = "LessionTimeSpan", "LessionTimeSpan\LessionTimeSpan.csproj", "{BBEA9F8D-39D0-4D69-B7E7-4E09FCBD6D68}"
EndProject
Global
	GlobalSection(SolutionConfigurationPlatforms) = preSolution
		Debug|Any CPU = Debug|Any CPU
		Release|Any CPU = Release|Any CPU
	EndGlobalSection
	GlobalSection(ProjectConfigurationPlatforms) = postSolution
		{BBEA9F8D-39D0-4D69-B7E7-4E09FCBD6D68}.Debug|Any CPU.ActiveCfg = Debug|Any CPU
		{BBEA9F8D-39D0-4D69-B7E7-4E09FCBD6D68}.Debug|Any CPU.Build.0 = Debug|Any CPU
		{BBEA9F8D-39D0-4D69-B7E7-4E09FCBD6D68}.Release|Any CPU.ActiveCfg = Release|Any CPU
		{BBEA9F8D-39D0-4D69-B7E7-4E09FCBD6D68}.Release|Any CPU.Build.0 = Release|Any CPU
	EndGlobalSection
	GlobalSection(SolutionProperties) = preSolution
		HideSolutionNode = FALSE
	EndGlobalSection
	GlobalSection(ExtensibilityGlobals) = postSolution
		SolutionGuid = {EBB05AFE-E390-4180-B5AF-EE6B1CE099A8}
	EndGlobalSection
EndGlobal
