
Microsoft Visual Studio Solution File, Format Version 12.00
# Visual Studio Version 17
VisualStudioVersion = 17.1.32228.430
MinimumVisualStudioVersion = 10.0.40219.1
Project("{FAE04EC0-301F-11D3-BF4B-00C04F79EFBC}") = "OrderCompositionAndEnumerates", "OrderCompositionAndEnumerates\OrderCompositionAndEnumerates.csproj", "{2139FD59-18AD-434E-AF23-64CF0C893084}"
EndProject
Global
	GlobalSection(SolutionConfigurationPlatforms) = preSolution
		Debug|Any CPU = Debug|Any CPU
		Release|Any CPU = Release|Any CPU
	EndGlobalSection
	GlobalSection(ProjectConfigurationPlatforms) = postSolution
		{2139FD59-18AD-434E-AF23-64CF0C893084}.Debug|Any CPU.ActiveCfg = Debug|Any CPU
		{2139FD59-18AD-434E-AF23-64CF0C893084}.Debug|Any CPU.Build.0 = Debug|Any CPU
		{2139FD59-18AD-434E-AF23-64CF0C893084}.Release|Any CPU.ActiveCfg = Release|Any CPU
		{2139FD59-18AD-434E-AF23-64CF0C893084}.Release|Any CPU.Build.0 = Release|Any CPU
	EndGlobalSection
	GlobalSection(SolutionProperties) = preSolution
		HideSolutionNode = FALSE
	EndGlobalSection
	GlobalSection(ExtensibilityGlobals) = postSolution
		SolutionGuid = {54DD57B8-9990-4058-8019-66F690B9B893}
	EndGlobalSection
EndGlobal
