
Microsoft Visual Studio Solution File, Format Version 12.00
# Visual Studio Version 17
VisualStudioVersion = 17.1.32228.430
MinimumVisualStudioVersion = 10.0.40219.1
Project("{FAE04EC0-301F-11D3-BF4B-00C04F79EFBC}") = "TesteComProprerties", "TesteComProprerties\TesteComProprerties.csproj", "{3F9FDBBF-1163-48BD-85A3-2F148E32ED9D}"
EndProject
Global
	GlobalSection(SolutionConfigurationPlatforms) = preSolution
		Debug|Any CPU = Debug|Any CPU
		Release|Any CPU = Release|Any CPU
	EndGlobalSection
	GlobalSection(ProjectConfigurationPlatforms) = postSolution
		{3F9FDBBF-1163-48BD-85A3-2F148E32ED9D}.Debug|Any CPU.ActiveCfg = Debug|Any CPU
		{3F9FDBBF-1163-48BD-85A3-2F148E32ED9D}.Debug|Any CPU.Build.0 = Debug|Any CPU
		{3F9FDBBF-1163-48BD-85A3-2F148E32ED9D}.Release|Any CPU.ActiveCfg = Release|Any CPU
		{3F9FDBBF-1163-48BD-85A3-2F148E32ED9D}.Release|Any CPU.Build.0 = Release|Any CPU
	EndGlobalSection
	GlobalSection(SolutionProperties) = preSolution
		HideSolutionNode = FALSE
	EndGlobalSection
	GlobalSection(ExtensibilityGlobals) = postSolution
		SolutionGuid = {D7ECFF24-46BE-496B-8947-1D2D279699DC}
	EndGlobalSection
EndGlobal
